// !$*UTF8*$!
{
	archiveVersion = 1;
	classes = {
	};
	objectVersion = 50;
	objects = {

/* Begin PBXBuildFile section */
		BBD3252A20E76CDD0013208F /* AppDelegate.swift in Sources */ = {isa = PBXBuildFile; fileRef = BBD3252920E76CDD0013208F /* AppDelegate.swift */; };
		BBD3252F20E76CDD0013208F /* Main.storyboard in Resources */ = {isa = PBXBuildFile; fileRef = BBD3252D20E76CDD0013208F /* Main.storyboard */; };
		BBD3253120E76CE10013208F /* Assets.xcassets in Resources */ = {isa = PBXBuildFile; fileRef = BBD3253020E76CE10013208F /* Assets.xcassets */; };
		BBD3253420E76CE10013208F /* LaunchScreen.storyboard in Resources */ = {isa = PBXBuildFile; fileRef = BBD3253220E76CE10013208F /* LaunchScreen.storyboard */; };
		BBD3254A20E76CE10013208F /* WeatherInfoUITests.swift in Sources */ = {isa = PBXBuildFile; fileRef = BBD3254920E76CE10013208F /* WeatherInfoUITests.swift */; };
		CF4A79072114BC0E00517FDD /* NetworkManager.swift in Sources */ = {isa = PBXBuildFile; fileRef = CF4A79062114BC0E00517FDD /* NetworkManager.swift */; };
		CF4A79122114BEA600517FDD /* SwiftyJSON.framework in Frameworks */ = {isa = PBXBuildFile; fileRef = CF4A79102114BE7B00517FDD /* SwiftyJSON.framework */; };
		CF4A79132114BEA600517FDD /* SwiftyJSON.framework in Embed Frameworks */ = {isa = PBXBuildFile; fileRef = CF4A79102114BE7B00517FDD /* SwiftyJSON.framework */; settings = {ATTRIBUTES = (CodeSignOnCopy, RemoveHeadersOnCopy, ); }; };
		CF4A79142114BEA600517FDD /* Alamofire.framework in Frameworks */ = {isa = PBXBuildFile; fileRef = CF936ECF2114BA0800ABD53F /* Alamofire.framework */; };
		CF4A79152114BEA600517FDD /* Alamofire.framework in Embed Frameworks */ = {isa = PBXBuildFile; fileRef = CF936ECF2114BA0800ABD53F /* Alamofire.framework */; settings = {ATTRIBUTES = (CodeSignOnCopy, RemoveHeadersOnCopy, ); }; };
		CF4A79162114BEA600517FDD /* Kingfisher.framework in Frameworks */ = {isa = PBXBuildFile; fileRef = CF936ED22114BA0800ABD53F /* Kingfisher.framework */; };
		CF4A79172114BEA600517FDD /* Kingfisher.framework in Embed Frameworks */ = {isa = PBXBuildFile; fileRef = CF936ED22114BA0800ABD53F /* Kingfisher.framework */; settings = {ATTRIBUTES = (CodeSignOnCopy, RemoveHeadersOnCopy, ); }; };
		CF4A79182114BEA600517FDD /* PMKAlamofire.framework in Frameworks */ = {isa = PBXBuildFile; fileRef = CF936ED32114BA0900ABD53F /* PMKAlamofire.framework */; };
		CF4A79192114BEA600517FDD /* PMKAlamofire.framework in Embed Frameworks */ = {isa = PBXBuildFile; fileRef = CF936ED32114BA0900ABD53F /* PMKAlamofire.framework */; settings = {ATTRIBUTES = (CodeSignOnCopy, RemoveHeadersOnCopy, ); }; };
		CF4A791A2114BEA600517FDD /* PMKCoreLocation.framework in Frameworks */ = {isa = PBXBuildFile; fileRef = CF936ED02114BA0800ABD53F /* PMKCoreLocation.framework */; };
		CF4A791B2114BEA600517FDD /* PMKCoreLocation.framework in Embed Frameworks */ = {isa = PBXBuildFile; fileRef = CF936ED02114BA0800ABD53F /* PMKCoreLocation.framework */; settings = {ATTRIBUTES = (CodeSignOnCopy, RemoveHeadersOnCopy, ); }; };
		CF4A791C2114BEA600517FDD /* PromiseKit.framework in Frameworks */ = {isa = PBXBuildFile; fileRef = CF936ED42114BA0900ABD53F /* PromiseKit.framework */; };
		CF4A791D2114BEA600517FDD /* PromiseKit.framework in Embed Frameworks */ = {isa = PBXBuildFile; fileRef = CF936ED42114BA0900ABD53F /* PromiseKit.framework */; settings = {ATTRIBUTES = (CodeSignOnCopy, RemoveHeadersOnCopy, ); }; };
		CF4A791E2114BEA600517FDD /* SVProgressHUD.framework in Frameworks */ = {isa = PBXBuildFile; fileRef = CF936ED12114BA0800ABD53F /* SVProgressHUD.framework */; };
		CF4A791F2114BEA600517FDD /* SVProgressHUD.framework in Embed Frameworks */ = {isa = PBXBuildFile; fileRef = CF936ED12114BA0800ABD53F /* SVProgressHUD.framework */; settings = {ATTRIBUTES = (CodeSignOnCopy, RemoveHeadersOnCopy, ); }; };
		CF4A79202114BEA600517FDD /* Timepiece.framework in Frameworks */ = {isa = PBXBuildFile; fileRef = CF936ED52114BA0900ABD53F /* Timepiece.framework */; };
		CF4A79212114BEA600517FDD /* Timepiece.framework in Embed Frameworks */ = {isa = PBXBuildFile; fileRef = CF936ED52114BA0900ABD53F /* Timepiece.framework */; settings = {ATTRIBUTES = (CodeSignOnCopy, RemoveHeadersOnCopy, ); }; };
		CF4A79272114C74D00517FDD /* WeatherDayData.swift in Sources */ = {isa = PBXBuildFile; fileRef = CF4A79242114C74D00517FDD /* WeatherDayData.swift */; };
		CF4A79282114C74D00517FDD /* Location.swift in Sources */ = {isa = PBXBuildFile; fileRef = CF4A79252114C74D00517FDD /* Location.swift */; };
		CF4A79292114C74D00517FDD /* WeatherData.swift in Sources */ = {isa = PBXBuildFile; fileRef = CF4A79262114C74D00517FDD /* WeatherData.swift */; };
		CF4A79302114C8D800517FDD /* Configuration.swift in Sources */ = {isa = PBXBuildFile; fileRef = CF4A792F2114C8D800517FDD /* Configuration.swift */; };
		CF4A79382114D04B00517FDD /* DayViewController.swift in Sources */ = {isa = PBXBuildFile; fileRef = CF4A79352114D04B00517FDD /* DayViewController.swift */; };
		CF4A79392114D04B00517FDD /* WeatherViewController.swift in Sources */ = {isa = PBXBuildFile; fileRef = CF4A79362114D04B00517FDD /* WeatherViewController.swift */; };
		CF4A793A2114D04B00517FDD /* WeekViewController.swift in Sources */ = {isa = PBXBuildFile; fileRef = CF4A79372114D04B00517FDD /* WeekViewController.swift */; };
		CF4A793E2114D1AE00517FDD /* UserDefaults+Extension.swift in Sources */ = {isa = PBXBuildFile; fileRef = CF4A793D2114D1AD00517FDD /* UserDefaults+Extension.swift */; };
		CF4A79402114D28900517FDD /* DayViewModel.swift in Sources */ = {isa = PBXBuildFile; fileRef = CF4A793F2114D28900517FDD /* DayViewModel.swift */; };
		CF4A79422114D34A00517FDD /* UIImage+Extension.swift in Sources */ = {isa = PBXBuildFile; fileRef = CF4A79412114D34A00517FDD /* UIImage+Extension.swift */; };
		CF4A79812114F80000517FDD /* RootViewController.swift in Sources */ = {isa = PBXBuildFile; fileRef = CF4A79802114F80000517FDD /* RootViewController.swift */; };
		CF4A798321150DC700517FDD /* JSONDecodable.swift in Sources */ = {isa = PBXBuildFile; fileRef = CF4A798221150DC600517FDD /* JSONDecodable.swift */; };
		CF4A799121150E9100517FDD /* LocationsViewLocationViewModel.swift in Sources */ = {isa = PBXBuildFile; fileRef = CF4A798621150E9100517FDD /* LocationsViewLocationViewModel.swift */; };
		CF4A799221150E9100517FDD /* LocationsViewController.swift in Sources */ = {isa = PBXBuildFile; fileRef = CF4A798721150E9100517FDD /* LocationsViewController.swift */; };
		CF4A799321150E9100517FDD /* LocationRepresentable.swift in Sources */ = {isa = PBXBuildFile; fileRef = CF4A798821150E9100517FDD /* LocationRepresentable.swift */; };
		CF4A799421150E9100517FDD /* LocationTableViewCell.swift in Sources */ = {isa = PBXBuildFile; fileRef = CF4A798A21150E9100517FDD /* LocationTableViewCell.swift */; };
		CF4A799521150E9100517FDD /* AddLocationViewController.swift in Sources */ = {isa = PBXBuildFile; fileRef = CF4A798C21150E9100517FDD /* AddLocationViewController.swift */; };
		CF4A799621150E9100517FDD /* SettingsTableViewCell.swift in Sources */ = {isa = PBXBuildFile; fileRef = CF4A798F21150E9100517FDD /* SettingsTableViewCell.swift */; };
		CF4A799721150E9100517FDD /* SettingsViewController.swift in Sources */ = {isa = PBXBuildFile; fileRef = CF4A799021150E9100517FDD /* SettingsViewController.swift */; };
		CF4A799A2115E57800517FDD /* WeatherDayTableViewCell.swift in Sources */ = {isa = PBXBuildFile; fileRef = CF4A79992115E57800517FDD /* WeatherDayTableViewCell.swift */; };
		CF4A799C2115E5A600517FDD /* Double+Extension.swift in Sources */ = {isa = PBXBuildFile; fileRef = CF4A799B2115E5A600517FDD /* Double+Extension.swift */; };
		CF4A799E2115E62C00517FDD /* DataManager.swift in Sources */ = {isa = PBXBuildFile; fileRef = CF4A799D2115E62C00517FDD /* DataManager.swift */; };
		CF4A79A02115EC2F00517FDD /* WeekViewModel.swift in Sources */ = {isa = PBXBuildFile; fileRef = CF4A799F2115EC2F00517FDD /* WeekViewModel.swift */; };
		CF4A79A42115F88D00517FDD /* SettingsTimeViewModel.swift in Sources */ = {isa = PBXBuildFile; fileRef = CF4A79A32115F88D00517FDD /* SettingsTimeViewModel.swift */; };
		CF4A79A62115FCA300517FDD /* SettingsUnitsViewModel.swift in Sources */ = {isa = PBXBuildFile; fileRef = CF4A79A52115FCA300517FDD /* SettingsUnitsViewModel.swift */; };
		CF4A79A82115FDCE00517FDD /* SettingsTemperatureViewModel.swift in Sources */ = {isa = PBXBuildFile; fileRef = CF4A79A72115FDCE00517FDD /* SettingsTemperatureViewModel.swift */; };
		CF4A79AB21167A4400517FDD /* SettingsRepresentable.swift in Sources */ = {isa = PBXBuildFile; fileRef = CF4A79AA21167A4400517FDD /* SettingsRepresentable.swift */; };
		CF4A79AD2116805100517FDD /* WeatherDayViewModel.swift in Sources */ = {isa = PBXBuildFile; fileRef = CF4A79AC2116805100517FDD /* WeatherDayViewModel.swift */; };
		CF4A79B0211685A300517FDD /* WeatherDayRepresentable.swift in Sources */ = {isa = PBXBuildFile; fileRef = CF4A79AF211685A300517FDD /* WeatherDayRepresentable.swift */; };
		CF4A79B62116B20800517FDD /* SettingsTimeViewModelTests.swift in Sources */ = {isa = PBXBuildFile; fileRef = CF4A79B52116B20800517FDD /* SettingsTimeViewModelTests.swift */; };
		CF4A79B92116B6B000517FDD /* SettingsUnitsViewModelTests.swift in Sources */ = {isa = PBXBuildFile; fileRef = CF4A79B82116B6B000517FDD /* SettingsUnitsViewModelTests.swift */; };
		CF4A79BB2116B8A300517FDD /* SettingsTemperatureViewModelTests.swift in Sources */ = {isa = PBXBuildFile; fileRef = CF4A79BA2116B8A300517FDD /* SettingsTemperatureViewModelTests.swift */; };
/* End PBXBuildFile section */

/* Begin PBXContainerItemProxy section */
		BBD3253B20E76CE10013208F /* PBXContainerItemProxy */ = {
			isa = PBXContainerItemProxy;
			containerPortal = BBD3251E20E76CDC0013208F /* Project object */;
			proxyType = 1;
			remoteGlobalIDString = BBD3252520E76CDD0013208F;
			remoteInfo = WeatherInfo;
		};
		BBD3254620E76CE10013208F /* PBXContainerItemProxy */ = {
			isa = PBXContainerItemProxy;
			containerPortal = BBD3251E20E76CDC0013208F /* Project object */;
			proxyType = 1;
			remoteGlobalIDString = BBD3252520E76CDD0013208F;
			remoteInfo = WeatherInfo;
		};
/* End PBXContainerItemProxy section */

/* Begin PBXCopyFilesBuildPhase section */
		CF4A79222114BEA700517FDD /* Embed Frameworks */ = {
			isa = PBXCopyFilesBuildPhase;
			buildActionMask = 2147483647;
			dstPath = "";
			dstSubfolderSpec = 10;
			files = (
				CF4A791F2114BEA600517FDD /* SVProgressHUD.framework in Embed Frameworks */,
				CF4A79132114BEA600517FDD /* SwiftyJSON.framework in Embed Frameworks */,
				CF4A79172114BEA600517FDD /* Kingfisher.framework in Embed Frameworks */,
				CF4A791B2114BEA600517FDD /* PMKCoreLocation.framework in Embed Frameworks */,
				CF4A79212114BEA600517FDD /* Timepiece.framework in Embed Frameworks */,
				CF4A791D2114BEA600517FDD /* PromiseKit.framework in Embed Frameworks */,
				CF4A79192114BEA600517FDD /* PMKAlamofire.framework in Embed Frameworks */,
				CF4A79152114BEA600517FDD /* Alamofire.framework in Embed Frameworks */,
			);
			name = "Embed Frameworks";
			runOnlyForDeploymentPostprocessing = 0;
		};
/* End PBXCopyFilesBuildPhase section */

/* Begin PBXFileReference section */
		BBD3252620E76CDD0013208F /* WeatherInfo.app */ = {isa = PBXFileReference; explicitFileType = wrapper.application; includeInIndex = 0; path = WeatherInfo.app; sourceTree = BUILT_PRODUCTS_DIR; };
		BBD3252920E76CDD0013208F /* AppDelegate.swift */ = {isa = PBXFileReference; lastKnownFileType = sourcecode.swift; path = AppDelegate.swift; sourceTree = "<group>"; };
		BBD3252E20E76CDD0013208F /* Base */ = {isa = PBXFileReference; lastKnownFileType = file.storyboard; name = Base; path = Base.lproj/Main.storyboard; sourceTree = "<group>"; };
		BBD3253020E76CE10013208F /* Assets.xcassets */ = {isa = PBXFileReference; lastKnownFileType = folder.assetcatalog; path = Assets.xcassets; sourceTree = "<group>"; };
		BBD3253320E76CE10013208F /* Base */ = {isa = PBXFileReference; lastKnownFileType = file.storyboard; name = Base; path = Base.lproj/LaunchScreen.storyboard; sourceTree = "<group>"; };
		BBD3253520E76CE10013208F /* Info.plist */ = {isa = PBXFileReference; lastKnownFileType = text.plist.xml; path = Info.plist; sourceTree = "<group>"; };
		BBD3253A20E76CE10013208F /* WeatherInfoTests.xctest */ = {isa = PBXFileReference; explicitFileType = wrapper.cfbundle; includeInIndex = 0; path = WeatherInfoTests.xctest; sourceTree = BUILT_PRODUCTS_DIR; };
		BBD3254020E76CE10013208F /* Info.plist */ = {isa = PBXFileReference; lastKnownFileType = text.plist.xml; path = Info.plist; sourceTree = "<group>"; };
		BBD3254520E76CE10013208F /* WeatherInfoUITests.xctest */ = {isa = PBXFileReference; explicitFileType = wrapper.cfbundle; includeInIndex = 0; path = WeatherInfoUITests.xctest; sourceTree = BUILT_PRODUCTS_DIR; };
		BBD3254920E76CE10013208F /* WeatherInfoUITests.swift */ = {isa = PBXFileReference; lastKnownFileType = sourcecode.swift; path = WeatherInfoUITests.swift; sourceTree = "<group>"; };
		BBD3254B20E76CE10013208F /* Info.plist */ = {isa = PBXFileReference; lastKnownFileType = text.plist.xml; path = Info.plist; sourceTree = "<group>"; };
		CF4A79062114BC0E00517FDD /* NetworkManager.swift */ = {isa = PBXFileReference; fileEncoding = 4; lastKnownFileType = sourcecode.swift; path = NetworkManager.swift; sourceTree = "<group>"; };
		CF4A79102114BE7B00517FDD /* SwiftyJSON.framework */ = {isa = PBXFileReference; lastKnownFileType = wrapper.framework; name = SwiftyJSON.framework; path = Carthage/Build/iOS/SwiftyJSON.framework; sourceTree = SOURCE_ROOT; };
		CF4A79242114C74D00517FDD /* WeatherDayData.swift */ = {isa = PBXFileReference; fileEncoding = 4; lastKnownFileType = sourcecode.swift; path = WeatherDayData.swift; sourceTree = "<group>"; };
		CF4A79252114C74D00517FDD /* Location.swift */ = {isa = PBXFileReference; fileEncoding = 4; lastKnownFileType = sourcecode.swift; path = Location.swift; sourceTree = "<group>"; };
		CF4A79262114C74D00517FDD /* WeatherData.swift */ = {isa = PBXFileReference; fileEncoding = 4; lastKnownFileType = sourcecode.swift; name = WeatherData.swift; path = ../../../../Downloads/Cloudy/Cloudy/Models/WeatherData.swift; sourceTree = "<group>"; };
		CF4A792F2114C8D800517FDD /* Configuration.swift */ = {isa = PBXFileReference; fileEncoding = 4; lastKnownFileType = sourcecode.swift; path = Configuration.swift; sourceTree = "<group>"; };
		CF4A79352114D04B00517FDD /* DayViewController.swift */ = {isa = PBXFileReference; fileEncoding = 4; lastKnownFileType = sourcecode.swift; path = DayViewController.swift; sourceTree = "<group>"; };
		CF4A79362114D04B00517FDD /* WeatherViewController.swift */ = {isa = PBXFileReference; fileEncoding = 4; lastKnownFileType = sourcecode.swift; path = WeatherViewController.swift; sourceTree = "<group>"; };
		CF4A79372114D04B00517FDD /* WeekViewController.swift */ = {isa = PBXFileReference; fileEncoding = 4; lastKnownFileType = sourcecode.swift; path = WeekViewController.swift; sourceTree = "<group>"; };
		CF4A793D2114D1AD00517FDD /* UserDefaults+Extension.swift */ = {isa = PBXFileReference; fileEncoding = 4; lastKnownFileType = sourcecode.swift; path = "UserDefaults+Extension.swift"; sourceTree = "<group>"; };
		CF4A793F2114D28900517FDD /* DayViewModel.swift */ = {isa = PBXFileReference; fileEncoding = 4; lastKnownFileType = sourcecode.swift; path = DayViewModel.swift; sourceTree = "<group>"; };
		CF4A79412114D34A00517FDD /* UIImage+Extension.swift */ = {isa = PBXFileReference; lastKnownFileType = sourcecode.swift; path = "UIImage+Extension.swift"; sourceTree = "<group>"; };
		CF4A79802114F80000517FDD /* RootViewController.swift */ = {isa = PBXFileReference; fileEncoding = 4; lastKnownFileType = sourcecode.swift; path = RootViewController.swift; sourceTree = "<group>"; };
		CF4A798221150DC600517FDD /* JSONDecodable.swift */ = {isa = PBXFileReference; fileEncoding = 4; lastKnownFileType = sourcecode.swift; path = JSONDecodable.swift; sourceTree = "<group>"; };
		CF4A798621150E9100517FDD /* LocationsViewLocationViewModel.swift */ = {isa = PBXFileReference; fileEncoding = 4; lastKnownFileType = sourcecode.swift; path = LocationsViewLocationViewModel.swift; sourceTree = "<group>"; };
		CF4A798721150E9100517FDD /* LocationsViewController.swift */ = {isa = PBXFileReference; fileEncoding = 4; lastKnownFileType = sourcecode.swift; path = LocationsViewController.swift; sourceTree = "<group>"; };
		CF4A798821150E9100517FDD /* LocationRepresentable.swift */ = {isa = PBXFileReference; fileEncoding = 4; lastKnownFileType = sourcecode.swift; path = LocationRepresentable.swift; sourceTree = "<group>"; };
		CF4A798A21150E9100517FDD /* LocationTableViewCell.swift */ = {isa = PBXFileReference; fileEncoding = 4; lastKnownFileType = sourcecode.swift; path = LocationTableViewCell.swift; sourceTree = "<group>"; };
		CF4A798C21150E9100517FDD /* AddLocationViewController.swift */ = {isa = PBXFileReference; fileEncoding = 4; lastKnownFileType = sourcecode.swift; path = AddLocationViewController.swift; sourceTree = "<group>"; };
		CF4A798F21150E9100517FDD /* SettingsTableViewCell.swift */ = {isa = PBXFileReference; fileEncoding = 4; lastKnownFileType = sourcecode.swift; path = SettingsTableViewCell.swift; sourceTree = "<group>"; };
		CF4A799021150E9100517FDD /* SettingsViewController.swift */ = {isa = PBXFileReference; fileEncoding = 4; lastKnownFileType = sourcecode.swift; path = SettingsViewController.swift; sourceTree = "<group>"; };
		CF4A79992115E57800517FDD /* WeatherDayTableViewCell.swift */ = {isa = PBXFileReference; fileEncoding = 4; lastKnownFileType = sourcecode.swift; path = WeatherDayTableViewCell.swift; sourceTree = "<group>"; };
		CF4A799B2115E5A600517FDD /* Double+Extension.swift */ = {isa = PBXFileReference; fileEncoding = 4; lastKnownFileType = sourcecode.swift; path = "Double+Extension.swift"; sourceTree = "<group>"; };
		CF4A799D2115E62C00517FDD /* DataManager.swift */ = {isa = PBXFileReference; fileEncoding = 4; lastKnownFileType = sourcecode.swift; path = DataManager.swift; sourceTree = "<group>"; };
		CF4A799F2115EC2F00517FDD /* WeekViewModel.swift */ = {isa = PBXFileReference; lastKnownFileType = sourcecode.swift; path = WeekViewModel.swift; sourceTree = "<group>"; };
		CF4A79A32115F88D00517FDD /* SettingsTimeViewModel.swift */ = {isa = PBXFileReference; lastKnownFileType = sourcecode.swift; path = SettingsTimeViewModel.swift; sourceTree = "<group>"; };
		CF4A79A52115FCA300517FDD /* SettingsUnitsViewModel.swift */ = {isa = PBXFileReference; lastKnownFileType = sourcecode.swift; path = SettingsUnitsViewModel.swift; sourceTree = "<group>"; };
		CF4A79A72115FDCE00517FDD /* SettingsTemperatureViewModel.swift */ = {isa = PBXFileReference; lastKnownFileType = sourcecode.swift; path = SettingsTemperatureViewModel.swift; sourceTree = "<group>"; };
		CF4A79AA21167A4400517FDD /* SettingsRepresentable.swift */ = {isa = PBXFileReference; lastKnownFileType = sourcecode.swift; path = SettingsRepresentable.swift; sourceTree = "<group>"; };
		CF4A79AC2116805100517FDD /* WeatherDayViewModel.swift */ = {isa = PBXFileReference; lastKnownFileType = sourcecode.swift; path = WeatherDayViewModel.swift; sourceTree = "<group>"; };
		CF4A79AF211685A300517FDD /* WeatherDayRepresentable.swift */ = {isa = PBXFileReference; lastKnownFileType = sourcecode.swift; path = WeatherDayRepresentable.swift; sourceTree = "<group>"; };
		CF4A79B52116B20800517FDD /* SettingsTimeViewModelTests.swift */ = {isa = PBXFileReference; lastKnownFileType = sourcecode.swift; path = SettingsTimeViewModelTests.swift; sourceTree = "<group>"; };
		CF4A79B82116B6B000517FDD /* SettingsUnitsViewModelTests.swift */ = {isa = PBXFileReference; lastKnownFileType = sourcecode.swift; path = SettingsUnitsViewModelTests.swift; sourceTree = "<group>"; };
		CF4A79BA2116B8A300517FDD /* SettingsTemperatureViewModelTests.swift */ = {isa = PBXFileReference; lastKnownFileType = sourcecode.swift; path = SettingsTemperatureViewModelTests.swift; sourceTree = "<group>"; };
		CF936ECF2114BA0800ABD53F /* Alamofire.framework */ = {isa = PBXFileReference; lastKnownFileType = wrapper.framework; name = Alamofire.framework; path = Carthage/Build/iOS/Alamofire.framework; sourceTree = SOURCE_ROOT; };
		CF936ED02114BA0800ABD53F /* PMKCoreLocation.framework */ = {isa = PBXFileReference; lastKnownFileType = wrapper.framework; name = PMKCoreLocation.framework; path = Carthage/Build/iOS/PMKCoreLocation.framework; sourceTree = SOURCE_ROOT; };
		CF936ED12114BA0800ABD53F /* SVProgressHUD.framework */ = {isa = PBXFileReference; lastKnownFileType = wrapper.framework; name = SVProgressHUD.framework; path = Carthage/Build/iOS/SVProgressHUD.framework; sourceTree = SOURCE_ROOT; };
		CF936ED22114BA0800ABD53F /* Kingfisher.framework */ = {isa = PBXFileReference; lastKnownFileType = wrapper.framework; name = Kingfisher.framework; path = Carthage/Build/iOS/Kingfisher.framework; sourceTree = SOURCE_ROOT; };
		CF936ED32114BA0900ABD53F /* PMKAlamofire.framework */ = {isa = PBXFileReference; lastKnownFileType = wrapper.framework; name = PMKAlamofire.framework; path = Carthage/Build/iOS/PMKAlamofire.framework; sourceTree = SOURCE_ROOT; };
		CF936ED42114BA0900ABD53F /* PromiseKit.framework */ = {isa = PBXFileReference; lastKnownFileType = wrapper.framework; name = PromiseKit.framework; path = Carthage/Build/iOS/PromiseKit.framework; sourceTree = SOURCE_ROOT; };
		CF936ED52114BA0900ABD53F /* Timepiece.framework */ = {isa = PBXFileReference; lastKnownFileType = wrapper.framework; name = Timepiece.framework; path = Carthage/Build/iOS/Timepiece.framework; sourceTree = SOURCE_ROOT; };
/* End PBXFileReference section */

/* Begin PBXFrameworksBuildPhase section */
		BBD3252320E76CDD0013208F /* Frameworks */ = {
			isa = PBXFrameworksBuildPhase;
			buildActionMask = 2147483647;
			files = (
				CF4A791E2114BEA600517FDD /* SVProgressHUD.framework in Frameworks */,
				CF4A79122114BEA600517FDD /* SwiftyJSON.framework in Frameworks */,
				CF4A79162114BEA600517FDD /* Kingfisher.framework in Frameworks */,
				CF4A791A2114BEA600517FDD /* PMKCoreLocation.framework in Frameworks */,
				CF4A79202114BEA600517FDD /* Timepiece.framework in Frameworks */,
				CF4A791C2114BEA600517FDD /* PromiseKit.framework in Frameworks */,
				CF4A79182114BEA600517FDD /* PMKAlamofire.framework in Frameworks */,
				CF4A79142114BEA600517FDD /* Alamofire.framework in Frameworks */,
			);
			runOnlyForDeploymentPostprocessing = 0;
		};
		BBD3253720E76CE10013208F /* Frameworks */ = {
			isa = PBXFrameworksBuildPhase;
			buildActionMask = 2147483647;
			files = (
			);
			runOnlyForDeploymentPostprocessing = 0;
		};
		BBD3254220E76CE10013208F /* Frameworks */ = {
			isa = PBXFrameworksBuildPhase;
			buildActionMask = 2147483647;
			files = (
			);
			runOnlyForDeploymentPostprocessing = 0;
		};
/* End PBXFrameworksBuildPhase section */

/* Begin PBXGroup section */
		BBD3251D20E76CDC0013208F = {
			isa = PBXGroup;
			children = (
				BBD3252820E76CDD0013208F /* WeatherInfo */,
				CF936ECE2114B9E100ABD53F /* Frameworks */,
				BBD3253D20E76CE10013208F /* WeatherInfoTests */,
				BBD3254820E76CE10013208F /* WeatherInfoUITests */,
				BBD3252720E76CDD0013208F /* Products */,
			);
			sourceTree = "<group>";
		};
		BBD3252720E76CDD0013208F /* Products */ = {
			isa = PBXGroup;
			children = (
				BBD3252620E76CDD0013208F /* WeatherInfo.app */,
				BBD3253A20E76CE10013208F /* WeatherInfoTests.xctest */,
				BBD3254520E76CE10013208F /* WeatherInfoUITests.xctest */,
			);
			name = Products;
			sourceTree = "<group>";
		};
		BBD3252820E76CDD0013208F /* WeatherInfo */ = {
			isa = PBXGroup;
			children = (
				CF4A79332114D00300517FDD /* ViewControllers */,
				CF4A792E2114C8B200517FDD /* Configuration */,
				CF4A792D2114C8A700517FDD /* Storyboards */,
				CF4A792C2114C89C00517FDD /* Extensions */,
				CF4A792A2114C87800517FDD /* Protocols */,
				CF4A79232114BFD200517FDD /* AppInit */,
				CF4A790B2114BC4800517FDD /* View-UI */,
				CF4A79082114BC1400517FDD /* Utilities */,
				CF4A79052114BBFB00517FDD /* Managers */,
				CF4A79022114BBCC00517FDD /* Models */,
				BBD3252D20E76CDD0013208F /* Main.storyboard */,
				CF4A792B2114C89100517FDD /* Resources */,
				BBD3253220E76CE10013208F /* LaunchScreen.storyboard */,
				BBD3253520E76CE10013208F /* Info.plist */,
			);
			path = WeatherInfo;
			sourceTree = "<group>";
		};
		BBD3253D20E76CE10013208F /* WeatherInfoTests */ = {
			isa = PBXGroup;
			children = (
				CF4A79B4211688D100517FDD /* Test Cases */,
				CF4A79B3211688C700517FDD /* Extensions */,
				CF4A79B2211688BF00517FDD /* Stubs */,
				CF4A79B12116885F00517FDD /* Supporting files */,
			);
			path = WeatherInfoTests;
			sourceTree = "<group>";
		};
		BBD3254820E76CE10013208F /* WeatherInfoUITests */ = {
			isa = PBXGroup;
			children = (
				BBD3254920E76CE10013208F /* WeatherInfoUITests.swift */,
				BBD3254B20E76CE10013208F /* Info.plist */,
			);
			path = WeatherInfoUITests;
			sourceTree = "<group>";
		};
		CF4A79022114BBCC00517FDD /* Models */ = {
			isa = PBXGroup;
			children = (
				CF4A79252114C74D00517FDD /* Location.swift */,
				CF4A79262114C74D00517FDD /* WeatherData.swift */,
				CF4A79242114C74D00517FDD /* WeatherDayData.swift */,
			);
			path = Models;
			sourceTree = "<group>";
		};
		CF4A79052114BBFB00517FDD /* Managers */ = {
			isa = PBXGroup;
			children = (
				CF4A799D2115E62C00517FDD /* DataManager.swift */,
				CF4A79062114BC0E00517FDD /* NetworkManager.swift */,
			);
			path = Managers;
			sourceTree = "<group>";
		};
		CF4A79082114BC1400517FDD /* Utilities */ = {
			isa = PBXGroup;
			children = (
			);
			path = Utilities;
			sourceTree = "<group>";
		};
		CF4A790B2114BC4800517FDD /* View-UI */ = {
			isa = PBXGroup;
			children = (
			);
			path = "View-UI";
			sourceTree = "<group>";
		};
		CF4A79232114BFD200517FDD /* AppInit */ = {
			isa = PBXGroup;
			children = (
				BBD3252920E76CDD0013208F /* AppDelegate.swift */,
			);
			path = AppInit;
			sourceTree = "<group>";
		};
		CF4A792A2114C87800517FDD /* Protocols */ = {
			isa = PBXGroup;
			children = (
				CF4A798221150DC600517FDD /* JSONDecodable.swift */,
			);
			path = Protocols;
			sourceTree = "<group>";
		};
		CF4A792B2114C89100517FDD /* Resources */ = {
			isa = PBXGroup;
			children = (
				BBD3253020E76CE10013208F /* Assets.xcassets */,
			);
			path = Resources;
			sourceTree = "<group>";
		};
		CF4A792C2114C89C00517FDD /* Extensions */ = {
			isa = PBXGroup;
			children = (
				CF4A799B2115E5A600517FDD /* Double+Extension.swift */,
				CF4A793D2114D1AD00517FDD /* UserDefaults+Extension.swift */,
				CF4A79412114D34A00517FDD /* UIImage+Extension.swift */,
			);
			path = Extensions;
			sourceTree = "<group>";
		};
		CF4A792D2114C8A700517FDD /* Storyboards */ = {
			isa = PBXGroup;
			children = (
			);
			path = Storyboards;
			sourceTree = "<group>";
		};
		CF4A792E2114C8B200517FDD /* Configuration */ = {
			isa = PBXGroup;
			children = (
				CF4A792F2114C8D800517FDD /* Configuration.swift */,
			);
			path = Configuration;
			sourceTree = "<group>";
		};
		CF4A79332114D00300517FDD /* ViewControllers */ = {
			isa = PBXGroup;
			children = (
				CF4A798421150E9100517FDD /* Locations View Controller */,
				CF4A798D21150E9100517FDD /* SettingsViewController */,
				CF4A797F2114F80000517FDD /* Root View Controller */,
				CF4A79342114D01200517FDD /* WeatherViewController */,
			);
			path = ViewControllers;
			sourceTree = "<group>";
		};
		CF4A79342114D01200517FDD /* WeatherViewController */ = {
			isa = PBXGroup;
			children = (
				CF4A79AE2116858600517FDD /* Protocols */,
				CF4A79982115E57800517FDD /* Table View Cells */,
				CF4A79352114D04B00517FDD /* DayViewController.swift */,
				CF4A79362114D04B00517FDD /* WeatherViewController.swift */,
				CF4A79372114D04B00517FDD /* WeekViewController.swift */,
				CF4A79A12115EC8200517FDD /* ViewModels */,
			);
			path = WeatherViewController;
			sourceTree = "<group>";
		};
		CF4A797F2114F80000517FDD /* Root View Controller */ = {
			isa = PBXGroup;
			children = (
				CF4A79802114F80000517FDD /* RootViewController.swift */,
			);
			path = "Root View Controller";
			sourceTree = "<group>";
		};
		CF4A798421150E9100517FDD /* Locations View Controller */ = {
			isa = PBXGroup;
			children = (
				CF4A798521150E9100517FDD /* View Models */,
				CF4A798721150E9100517FDD /* LocationsViewController.swift */,
				CF4A798821150E9100517FDD /* LocationRepresentable.swift */,
				CF4A798921150E9100517FDD /* Table View Cells */,
				CF4A798B21150E9100517FDD /* Add Location View Controller */,
			);
			path = "Locations View Controller";
			sourceTree = "<group>";
		};
		CF4A798521150E9100517FDD /* View Models */ = {
			isa = PBXGroup;
			children = (
				CF4A798621150E9100517FDD /* LocationsViewLocationViewModel.swift */,
			);
			path = "View Models";
			sourceTree = "<group>";
		};
		CF4A798921150E9100517FDD /* Table View Cells */ = {
			isa = PBXGroup;
			children = (
				CF4A798A21150E9100517FDD /* LocationTableViewCell.swift */,
			);
			path = "Table View Cells";
			sourceTree = "<group>";
		};
		CF4A798B21150E9100517FDD /* Add Location View Controller */ = {
			isa = PBXGroup;
			children = (
				CF4A798C21150E9100517FDD /* AddLocationViewController.swift */,
			);
			path = "Add Location View Controller";
			sourceTree = "<group>";
		};
		CF4A798D21150E9100517FDD /* SettingsViewController */ = {
			isa = PBXGroup;
			children = (
				CF4A79A9211679AE00517FDD /* Protocols */,
				CF4A79A22115F84800517FDD /* View Models */,
				CF4A798E21150E9100517FDD /* Table View Cells */,
				CF4A799021150E9100517FDD /* SettingsViewController.swift */,
			);
			path = SettingsViewController;
			sourceTree = "<group>";
		};
		CF4A798E21150E9100517FDD /* Table View Cells */ = {
			isa = PBXGroup;
			children = (
				CF4A798F21150E9100517FDD /* SettingsTableViewCell.swift */,
			);
			path = "Table View Cells";
			sourceTree = "<group>";
		};
		CF4A79982115E57800517FDD /* Table View Cells */ = {
			isa = PBXGroup;
			children = (
				CF4A79992115E57800517FDD /* WeatherDayTableViewCell.swift */,
			);
			path = "Table View Cells";
			sourceTree = "<group>";
		};
		CF4A79A12115EC8200517FDD /* ViewModels */ = {
			isa = PBXGroup;
			children = (
				CF4A793F2114D28900517FDD /* DayViewModel.swift */,
				CF4A799F2115EC2F00517FDD /* WeekViewModel.swift */,
				CF4A79AC2116805100517FDD /* WeatherDayViewModel.swift */,
			);
			path = ViewModels;
			sourceTree = "<group>";
		};
		CF4A79A22115F84800517FDD /* View Models */ = {
			isa = PBXGroup;
			children = (
				CF4A79A32115F88D00517FDD /* SettingsTimeViewModel.swift */,
				CF4A79A52115FCA300517FDD /* SettingsUnitsViewModel.swift */,
				CF4A79A72115FDCE00517FDD /* SettingsTemperatureViewModel.swift */,
			);
			path = "View Models";
			sourceTree = "<group>";
		};
		CF4A79A9211679AE00517FDD /* Protocols */ = {
			isa = PBXGroup;
			children = (
				CF4A79AA21167A4400517FDD /* SettingsRepresentable.swift */,
			);
			path = Protocols;
			sourceTree = "<group>";
		};
		CF4A79AE2116858600517FDD /* Protocols */ = {
			isa = PBXGroup;
			children = (
				CF4A79AF211685A300517FDD /* WeatherDayRepresentable.swift */,
			);
			path = Protocols;
			sourceTree = "<group>";
		};
		CF4A79B12116885F00517FDD /* Supporting files */ = {
			isa = PBXGroup;
			children = (
				BBD3254020E76CE10013208F /* Info.plist */,
			);
			path = "Supporting files";
			sourceTree = "<group>";
		};
		CF4A79B2211688BF00517FDD /* Stubs */ = {
			isa = PBXGroup;
			children = (
			);
			path = Stubs;
			sourceTree = "<group>";
		};
		CF4A79B3211688C700517FDD /* Extensions */ = {
			isa = PBXGroup;
			children = (
			);
			path = Extensions;
			sourceTree = "<group>";
		};
		CF4A79B4211688D100517FDD /* Test Cases */ = {
			isa = PBXGroup;
			children = (
				CF4A79B72116B68600517FDD /* SettingsView */,
			);
			path = "Test Cases";
			sourceTree = "<group>";
		};
		CF4A79B72116B68600517FDD /* SettingsView */ = {
			isa = PBXGroup;
			children = (
				CF4A79B52116B20800517FDD /* SettingsTimeViewModelTests.swift */,
				CF4A79B82116B6B000517FDD /* SettingsUnitsViewModelTests.swift */,
				CF4A79BA2116B8A300517FDD /* SettingsTemperatureViewModelTests.swift */,
			);
			path = SettingsView;
			sourceTree = "<group>";
		};
		CF936ECE2114B9E100ABD53F /* Frameworks */ = {
			isa = PBXGroup;
			children = (
				CF4A79102114BE7B00517FDD /* SwiftyJSON.framework */,
				CF936ECF2114BA0800ABD53F /* Alamofire.framework */,
				CF936ED22114BA0800ABD53F /* Kingfisher.framework */,
				CF936ED32114BA0900ABD53F /* PMKAlamofire.framework */,
				CF936ED02114BA0800ABD53F /* PMKCoreLocation.framework */,
				CF936ED42114BA0900ABD53F /* PromiseKit.framework */,
				CF936ED12114BA0800ABD53F /* SVProgressHUD.framework */,
				CF936ED52114BA0900ABD53F /* Timepiece.framework */,
			);
			path = Frameworks;
			sourceTree = "<group>";
		};
/* End PBXGroup section */

/* Begin PBXNativeTarget section */
		BBD3252520E76CDD0013208F /* WeatherInfo */ = {
			isa = PBXNativeTarget;
			buildConfigurationList = BBD3254E20E76CE10013208F /* Build configuration list for PBXNativeTarget "WeatherInfo" */;
			buildPhases = (
				BBD3252220E76CDD0013208F /* Sources */,
				BBD3252320E76CDD0013208F /* Frameworks */,
				BBD3252420E76CDD0013208F /* Resources */,
				CF936EDD2114BA6A00ABD53F /* Swiftlint */,
				CF4A79222114BEA700517FDD /* Embed Frameworks */,
			);
			buildRules = (
			);
			dependencies = (
			);
			name = WeatherInfo;
			productName = WeatherInfo;
			productReference = BBD3252620E76CDD0013208F /* WeatherInfo.app */;
			productType = "com.apple.product-type.application";
		};
		BBD3253920E76CE10013208F /* WeatherInfoTests */ = {
			isa = PBXNativeTarget;
			buildConfigurationList = BBD3255120E76CE10013208F /* Build configuration list for PBXNativeTarget "WeatherInfoTests" */;
			buildPhases = (
				BBD3253620E76CE10013208F /* Sources */,
				BBD3253720E76CE10013208F /* Frameworks */,
				BBD3253820E76CE10013208F /* Resources */,
			);
			buildRules = (
			);
			dependencies = (
				BBD3253C20E76CE10013208F /* PBXTargetDependency */,
			);
			name = WeatherInfoTests;
			productName = WeatherInfoTests;
			productReference = BBD3253A20E76CE10013208F /* WeatherInfoTests.xctest */;
			productType = "com.apple.product-type.bundle.unit-test";
		};
		BBD3254420E76CE10013208F /* WeatherInfoUITests */ = {
			isa = PBXNativeTarget;
			buildConfigurationList = BBD3255420E76CE10013208F /* Build configuration list for PBXNativeTarget "WeatherInfoUITests" */;
			buildPhases = (
				BBD3254120E76CE10013208F /* Sources */,
				BBD3254220E76CE10013208F /* Frameworks */,
				BBD3254320E76CE10013208F /* Resources */,
			);
			buildRules = (
			);
			dependencies = (
				BBD3254720E76CE10013208F /* PBXTargetDependency */,
			);
			name = WeatherInfoUITests;
			productName = WeatherInfoUITests;
			productReference = BBD3254520E76CE10013208F /* WeatherInfoUITests.xctest */;
			productType = "com.apple.product-type.bundle.ui-testing";
		};
/* End PBXNativeTarget section */

/* Begin PBXProject section */
		BBD3251E20E76CDC0013208F /* Project object */ = {
			isa = PBXProject;
			attributes = {
				LastSwiftUpdateCheck = 0930;
				LastUpgradeCheck = 0930;
				ORGANIZATIONNAME = "Mt Aden LLC";
				TargetAttributes = {
					BBD3252520E76CDD0013208F = {
						CreatedOnToolsVersion = 9.3.1;
					};
					BBD3253920E76CE10013208F = {
						CreatedOnToolsVersion = 9.3.1;
						LastSwiftMigration = 0940;
						TestTargetID = BBD3252520E76CDD0013208F;
					};
					BBD3254420E76CE10013208F = {
						CreatedOnToolsVersion = 9.3.1;
						TestTargetID = BBD3252520E76CDD0013208F;
					};
				};
			};
			buildConfigurationList = BBD3252120E76CDC0013208F /* Build configuration list for PBXProject "WeatherInfo" */;
			compatibilityVersion = "Xcode 9.3";
			developmentRegion = en;
			hasScannedForEncodings = 0;
			knownRegions = (
				en,
				Base,
			);
			mainGroup = BBD3251D20E76CDC0013208F;
			productRefGroup = BBD3252720E76CDD0013208F /* Products */;
			projectDirPath = "";
			projectRoot = "";
			targets = (
				BBD3252520E76CDD0013208F /* WeatherInfo */,
				BBD3253920E76CE10013208F /* WeatherInfoTests */,
				BBD3254420E76CE10013208F /* WeatherInfoUITests */,
			);
		};
/* End PBXProject section */

/* Begin PBXResourcesBuildPhase section */
		BBD3252420E76CDD0013208F /* Resources */ = {
			isa = PBXResourcesBuildPhase;
			buildActionMask = 2147483647;
			files = (
				BBD3253420E76CE10013208F /* LaunchScreen.storyboard in Resources */,
				BBD3253120E76CE10013208F /* Assets.xcassets in Resources */,
				BBD3252F20E76CDD0013208F /* Main.storyboard in Resources */,
			);
			runOnlyForDeploymentPostprocessing = 0;
		};
		BBD3253820E76CE10013208F /* Resources */ = {
			isa = PBXResourcesBuildPhase;
			buildActionMask = 2147483647;
			files = (
			);
			runOnlyForDeploymentPostprocessing = 0;
		};
		BBD3254320E76CE10013208F /* Resources */ = {
			isa = PBXResourcesBuildPhase;
			buildActionMask = 2147483647;
			files = (
			);
			runOnlyForDeploymentPostprocessing = 0;
		};
/* End PBXResourcesBuildPhase section */

/* Begin PBXShellScriptBuildPhase section */
		CF936EDD2114BA6A00ABD53F /* Swiftlint */ = {
			isa = PBXShellScriptBuildPhase;
			buildActionMask = 2147483647;
			files = (
			);
			inputPaths = (
			);
			name = Swiftlint;
			outputPaths = (
			);
			runOnlyForDeploymentPostprocessing = 0;
			shellPath = /bin/sh;
			shellScript = "if which swiftlint >/dev/null; then\nswiftlint\nelse\necho \"warning: SwiftLint not installed, download from https://github.com/realm/SwiftLint\"\nfi";
		};
/* End PBXShellScriptBuildPhase section */

/* Begin PBXSourcesBuildPhase section */
		BBD3252220E76CDD0013208F /* Sources */ = {
			isa = PBXSourcesBuildPhase;
			buildActionMask = 2147483647;
			files = (
				CF4A793A2114D04B00517FDD /* WeekViewController.swift in Sources */,
				CF4A799621150E9100517FDD /* SettingsTableViewCell.swift in Sources */,
				CF4A79812114F80000517FDD /* RootViewController.swift in Sources */,
				CF4A79072114BC0E00517FDD /* NetworkManager.swift in Sources */,
				CF4A79AD2116805100517FDD /* WeatherDayViewModel.swift in Sources */,
				CF4A79392114D04B00517FDD /* WeatherViewController.swift in Sources */,
				CF4A799721150E9100517FDD /* SettingsViewController.swift in Sources */,
				CF4A79282114C74D00517FDD /* Location.swift in Sources */,
				CF4A799421150E9100517FDD /* LocationTableViewCell.swift in Sources */,
				CF4A79402114D28900517FDD /* DayViewModel.swift in Sources */,
				CF4A799E2115E62C00517FDD /* DataManager.swift in Sources */,
				CF4A798321150DC700517FDD /* JSONDecodable.swift in Sources */,
				CF4A79292114C74D00517FDD /* WeatherData.swift in Sources */,
				CF4A799221150E9100517FDD /* LocationsViewController.swift in Sources */,
				CF4A799521150E9100517FDD /* AddLocationViewController.swift in Sources */,
				BBD3252A20E76CDD0013208F /* AppDelegate.swift in Sources */,
				CF4A79422114D34A00517FDD /* UIImage+Extension.swift in Sources */,
				CF4A79A82115FDCE00517FDD /* SettingsTemperatureViewModel.swift in Sources */,
				CF4A799A2115E57800517FDD /* WeatherDayTableViewCell.swift in Sources */,
				CF4A79B0211685A300517FDD /* WeatherDayRepresentable.swift in Sources */,
				CF4A793E2114D1AE00517FDD /* UserDefaults+Extension.swift in Sources */,
				CF4A79A42115F88D00517FDD /* SettingsTimeViewModel.swift in Sources */,
				CF4A79272114C74D00517FDD /* WeatherDayData.swift in Sources */,
				CF4A79A02115EC2F00517FDD /* WeekViewModel.swift in Sources */,
				CF4A79AB21167A4400517FDD /* SettingsRepresentable.swift in Sources */,
				CF4A799C2115E5A600517FDD /* Double+Extension.swift in Sources */,
				CF4A79302114C8D800517FDD /* Configuration.swift in Sources */,
				CF4A799121150E9100517FDD /* LocationsViewLocationViewModel.swift in Sources */,
				CF4A799321150E9100517FDD /* LocationRepresentable.swift in Sources */,
				CF4A79382114D04B00517FDD /* DayViewController.swift in Sources */,
				CF4A79A62115FCA300517FDD /* SettingsUnitsViewModel.swift in Sources */,
			);
			runOnlyForDeploymentPostprocessing = 0;
		};
		BBD3253620E76CE10013208F /* Sources */ = {
			isa = PBXSourcesBuildPhase;
			buildActionMask = 2147483647;
			files = (
				CF4A79B62116B20800517FDD /* SettingsTimeViewModelTests.swift in Sources */,
				CF4A79B92116B6B000517FDD /* SettingsUnitsViewModelTests.swift in Sources */,
				CF4A79BB2116B8A300517FDD /* SettingsTemperatureViewModelTests.swift in Sources */,
			);
			runOnlyForDeploymentPostprocessing = 0;
		};
		BBD3254120E76CE10013208F /* Sources */ = {
			isa = PBXSourcesBuildPhase;
			buildActionMask = 2147483647;
			files = (
				BBD3254A20E76CE10013208F /* WeatherInfoUITests.swift in Sources */,
			);
			runOnlyForDeploymentPostprocessing = 0;
		};
/* End PBXSourcesBuildPhase section */

/* Begin PBXTargetDependency section */
		BBD3253C20E76CE10013208F /* PBXTargetDependency */ = {
			isa = PBXTargetDependency;
			target = BBD3252520E76CDD0013208F /* WeatherInfo */;
			targetProxy = BBD3253B20E76CE10013208F /* PBXContainerItemProxy */;
		};
		BBD3254720E76CE10013208F /* PBXTargetDependency */ = {
			isa = PBXTargetDependency;
			target = BBD3252520E76CDD0013208F /* WeatherInfo */;
			targetProxy = BBD3254620E76CE10013208F /* PBXContainerItemProxy */;
		};
/* End PBXTargetDependency section */

/* Begin PBXVariantGroup section */
		BBD3252D20E76CDD0013208F /* Main.storyboard */ = {
			isa = PBXVariantGroup;
			children = (
				BBD3252E20E76CDD0013208F /* Base */,
			);
			name = Main.storyboard;
			sourceTree = "<group>";
		};
		BBD3253220E76CE10013208F /* LaunchScreen.storyboard */ = {
			isa = PBXVariantGroup;
			children = (
				BBD3253320E76CE10013208F /* Base */,
			);
			name = LaunchScreen.storyboard;
			sourceTree = "<group>";
		};
/* End PBXVariantGroup section */

/* Begin XCBuildConfiguration section */
		BBD3254C20E76CE10013208F /* Debug */ = {
			isa = XCBuildConfiguration;
			buildSettings = {
				ALWAYS_SEARCH_USER_PATHS = NO;
				CLANG_ANALYZER_NONNULL = YES;
				CLANG_ANALYZER_NUMBER_OBJECT_CONVERSION = YES_AGGRESSIVE;
				CLANG_CXX_LANGUAGE_STANDARD = "gnu++14";
				CLANG_CXX_LIBRARY = "libc++";
				CLANG_ENABLE_MODULES = YES;
				CLANG_ENABLE_OBJC_ARC = YES;
				CLANG_ENABLE_OBJC_WEAK = YES;
				CLANG_WARN_BLOCK_CAPTURE_AUTORELEASING = YES;
				CLANG_WARN_BOOL_CONVERSION = YES;
				CLANG_WARN_COMMA = YES;
				CLANG_WARN_CONSTANT_CONVERSION = YES;
				CLANG_WARN_DEPRECATED_OBJC_IMPLEMENTATIONS = YES;
				CLANG_WARN_DIRECT_OBJC_ISA_USAGE = YES_ERROR;
				CLANG_WARN_DOCUMENTATION_COMMENTS = YES;
				CLANG_WARN_EMPTY_BODY = YES;
				CLANG_WARN_ENUM_CONVERSION = YES;
				CLANG_WARN_INFINITE_RECURSION = YES;
				CLANG_WARN_INT_CONVERSION = YES;
				CLANG_WARN_NON_LITERAL_NULL_CONVERSION = YES;
				CLANG_WARN_OBJC_IMPLICIT_RETAIN_SELF = YES;
				CLANG_WARN_OBJC_LITERAL_CONVERSION = YES;
				CLANG_WARN_OBJC_ROOT_CLASS = YES_ERROR;
				CLANG_WARN_RANGE_LOOP_ANALYSIS = YES;
				CLANG_WARN_STRICT_PROTOTYPES = YES;
				CLANG_WARN_SUSPICIOUS_MOVE = YES;
				CLANG_WARN_UNGUARDED_AVAILABILITY = YES_AGGRESSIVE;
				CLANG_WARN_UNREACHABLE_CODE = YES;
				CLANG_WARN__DUPLICATE_METHOD_MATCH = YES;
				CODE_SIGN_IDENTITY = "iPhone Developer";
				COPY_PHASE_STRIP = NO;
				DEBUG_INFORMATION_FORMAT = dwarf;
				ENABLE_STRICT_OBJC_MSGSEND = YES;
				ENABLE_TESTABILITY = YES;
				GCC_C_LANGUAGE_STANDARD = gnu11;
				GCC_DYNAMIC_NO_PIC = NO;
				GCC_NO_COMMON_BLOCKS = YES;
				GCC_OPTIMIZATION_LEVEL = 0;
				GCC_PREPROCESSOR_DEFINITIONS = (
					"DEBUG=1",
					"$(inherited)",
				);
				GCC_WARN_64_TO_32_BIT_CONVERSION = YES;
				GCC_WARN_ABOUT_RETURN_TYPE = YES_ERROR;
				GCC_WARN_UNDECLARED_SELECTOR = YES;
				GCC_WARN_UNINITIALIZED_AUTOS = YES_AGGRESSIVE;
				GCC_WARN_UNUSED_FUNCTION = YES;
				GCC_WARN_UNUSED_VARIABLE = YES;
				IPHONEOS_DEPLOYMENT_TARGET = 11.3;
				MTL_ENABLE_DEBUG_INFO = YES;
				ONLY_ACTIVE_ARCH = YES;
				SDKROOT = iphoneos;
				SWIFT_ACTIVE_COMPILATION_CONDITIONS = DEBUG;
				SWIFT_OPTIMIZATION_LEVEL = "-Onone";
			};
			name = Debug;
		};
		BBD3254D20E76CE10013208F /* Release */ = {
			isa = XCBuildConfiguration;
			buildSettings = {
				ALWAYS_SEARCH_USER_PATHS = NO;
				CLANG_ANALYZER_NONNULL = YES;
				CLANG_ANALYZER_NUMBER_OBJECT_CONVERSION = YES_AGGRESSIVE;
				CLANG_CXX_LANGUAGE_STANDARD = "gnu++14";
				CLANG_CXX_LIBRARY = "libc++";
				CLANG_ENABLE_MODULES = YES;
				CLANG_ENABLE_OBJC_ARC = YES;
				CLANG_ENABLE_OBJC_WEAK = YES;
				CLANG_WARN_BLOCK_CAPTURE_AUTORELEASING = YES;
				CLANG_WARN_BOOL_CONVERSION = YES;
				CLANG_WARN_COMMA = YES;
				CLANG_WARN_CONSTANT_CONVERSION = YES;
				CLANG_WARN_DEPRECATED_OBJC_IMPLEMENTATIONS = YES;
				CLANG_WARN_DIRECT_OBJC_ISA_USAGE = YES_ERROR;
				CLANG_WARN_DOCUMENTATION_COMMENTS = YES;
				CLANG_WARN_EMPTY_BODY = YES;
				CLANG_WARN_ENUM_CONVERSION = YES;
				CLANG_WARN_INFINITE_RECURSION = YES;
				CLANG_WARN_INT_CONVERSION = YES;
				CLANG_WARN_NON_LITERAL_NULL_CONVERSION = YES;
				CLANG_WARN_OBJC_IMPLICIT_RETAIN_SELF = YES;
				CLANG_WARN_OBJC_LITERAL_CONVERSION = YES;
				CLANG_WARN_OBJC_ROOT_CLASS = YES_ERROR;
				CLANG_WARN_RANGE_LOOP_ANALYSIS = YES;
				CLANG_WARN_STRICT_PROTOTYPES = YES;
				CLANG_WARN_SUSPICIOUS_MOVE = YES;
				CLANG_WARN_UNGUARDED_AVAILABILITY = YES_AGGRESSIVE;
				CLANG_WARN_UNREACHABLE_CODE = YES;
				CLANG_WARN__DUPLICATE_METHOD_MATCH = YES;
				CODE_SIGN_IDENTITY = "iPhone Developer";
				COPY_PHASE_STRIP = NO;
				DEBUG_INFORMATION_FORMAT = "dwarf-with-dsym";
				ENABLE_NS_ASSERTIONS = NO;
				ENABLE_STRICT_OBJC_MSGSEND = YES;
				GCC_C_LANGUAGE_STANDARD = gnu11;
				GCC_NO_COMMON_BLOCKS = YES;
				GCC_WARN_64_TO_32_BIT_CONVERSION = YES;
				GCC_WARN_ABOUT_RETURN_TYPE = YES_ERROR;
				GCC_WARN_UNDECLARED_SELECTOR = YES;
				GCC_WARN_UNINITIALIZED_AUTOS = YES_AGGRESSIVE;
				GCC_WARN_UNUSED_FUNCTION = YES;
				GCC_WARN_UNUSED_VARIABLE = YES;
				IPHONEOS_DEPLOYMENT_TARGET = 11.3;
				MTL_ENABLE_DEBUG_INFO = NO;
				SDKROOT = iphoneos;
				SWIFT_COMPILATION_MODE = wholemodule;
				SWIFT_OPTIMIZATION_LEVEL = "-O";
				VALIDATE_PRODUCT = YES;
			};
			name = Release;
		};
		BBD3254F20E76CE10013208F /* Debug */ = {
			isa = XCBuildConfiguration;
			buildSettings = {
				ASSETCATALOG_COMPILER_APPICON_NAME = AppIcon;
				CODE_SIGN_STYLE = Automatic;
				DEVELOPMENT_TEAM = VP3C5A4R4D;
				FRAMEWORK_SEARCH_PATHS = (
					"$(inherited)",
					"$(PROJECT_DIR)/Carthage/Build/iOS",
				);
				INFOPLIST_FILE = WeatherInfo/Info.plist;
				LD_RUNPATH_SEARCH_PATHS = (
					"$(inherited)",
					"@executable_path/Frameworks",
				);
				PRODUCT_BUNDLE_IDENTIFIER = com.mtaden.edu.ios.WeatherInfo;
				PRODUCT_NAME = "$(TARGET_NAME)";
				SWIFT_VERSION = 4.0;
				TARGETED_DEVICE_FAMILY = "1,2";
			};
			name = Debug;
		};
		BBD3255020E76CE10013208F /* Release */ = {
			isa = XCBuildConfiguration;
			buildSettings = {
				ASSETCATALOG_COMPILER_APPICON_NAME = AppIcon;
				CODE_SIGN_STYLE = Automatic;
				DEVELOPMENT_TEAM = VP3C5A4R4D;
				FRAMEWORK_SEARCH_PATHS = (
					"$(inherited)",
					"$(PROJECT_DIR)/Carthage/Build/iOS",
				);
				INFOPLIST_FILE = WeatherInfo/Info.plist;
				LD_RUNPATH_SEARCH_PATHS = (
					"$(inherited)",
					"@executable_path/Frameworks",
				);
				PRODUCT_BUNDLE_IDENTIFIER = com.mtaden.edu.ios.WeatherInfo;
				PRODUCT_NAME = "$(TARGET_NAME)";
				SWIFT_VERSION = 4.0;
				TARGETED_DEVICE_FAMILY = "1,2";
			};
			name = Release;
		};
		BBD3255220E76CE10013208F /* Debug */ = {
			isa = XCBuildConfiguration;
			buildSettings = {
				ALWAYS_EMBED_SWIFT_STANDARD_LIBRARIES = YES;
				BUNDLE_LOADER = "$(TEST_HOST)";
				CLANG_ENABLE_MODULES = YES;
				CODE_SIGN_STYLE = Automatic;
				DEVELOPMENT_TEAM = VP3C5A4R4D;
				INFOPLIST_FILE = "WeatherInfoTests/Supporting files/Info.plist";
				LD_RUNPATH_SEARCH_PATHS = (
					"$(inherited)",
					"@executable_path/Frameworks",
					"@loader_path/Frameworks",
				);
				PRODUCT_BUNDLE_IDENTIFIER = com.mtaden.edu.ios.WeatherInfoTests;
				PRODUCT_NAME = "$(TARGET_NAME)";
				SWIFT_OPTIMIZATION_LEVEL = "-Onone";
				SWIFT_VERSION = 4.0;
				TARGETED_DEVICE_FAMILY = "1,2";
				TEST_HOST = "$(BUILT_PRODUCTS_DIR)/WeatherInfo.app/WeatherInfo";
			};
			name = Debug;
		};
		BBD3255320E76CE10013208F /* Release */ = {
			isa = XCBuildConfiguration;
			buildSettings = {
				ALWAYS_EMBED_SWIFT_STANDARD_LIBRARIES = YES;
				BUNDLE_LOADER = "$(TEST_HOST)";
				CLANG_ENABLE_MODULES = YES;
				CODE_SIGN_STYLE = Automatic;
				DEVELOPMENT_TEAM = VP3C5A4R4D;
				INFOPLIST_FILE = "WeatherInfoTests/Supporting files/Info.plist";
				LD_RUNPATH_SEARCH_PATHS = (
					"$(inherited)",
					"@executable_path/Frameworks",
					"@loader_path/Frameworks",
				);
				PRODUCT_BUNDLE_IDENTIFIER = com.mtaden.edu.ios.WeatherInfoTests;
				PRODUCT_NAME = "$(TARGET_NAME)";
				SWIFT_VERSION = 4.0;
				TARGETED_DEVICE_FAMILY = "1,2";
				TEST_HOST = "$(BUILT_PRODUCTS_DIR)/WeatherInfo.app/WeatherInfo";
			};
			name = Release;
		};
		BBD3255520E76CE10013208F /* Debug */ = {
			isa = XCBuildConfiguration;
			buildSettings = {
				ALWAYS_EMBED_SWIFT_STANDARD_LIBRARIES = YES;
				CODE_SIGN_STYLE = Automatic;
				DEVELOPMENT_TEAM = VP3C5A4R4D;
				INFOPLIST_FILE = WeatherInfoUITests/Info.plist;
				LD_RUNPATH_SEARCH_PATHS = (
					"$(inherited)",
					"@executable_path/Frameworks",
					"@loader_path/Frameworks",
				);
				PRODUCT_BUNDLE_IDENTIFIER = com.mtaden.edu.ios.WeatherInfoUITests;
				PRODUCT_NAME = "$(TARGET_NAME)";
				SWIFT_VERSION = 4.0;
				TARGETED_DEVICE_FAMILY = "1,2";
				TEST_TARGET_NAME = WeatherInfo;
			};
			name = Debug;
		};
		BBD3255620E76CE10013208F /* Release */ = {
			isa = XCBuildConfiguration;
			buildSettings = {
				ALWAYS_EMBED_SWIFT_STANDARD_LIBRARIES = YES;
				CODE_SIGN_STYLE = Automatic;
				DEVELOPMENT_TEAM = VP3C5A4R4D;
				INFOPLIST_FILE = WeatherInfoUITests/Info.plist;
				LD_RUNPATH_SEARCH_PATHS = (
					"$(inherited)",
					"@executable_path/Frameworks",
					"@loader_path/Frameworks",
				);
				PRODUCT_BUNDLE_IDENTIFIER = com.mtaden.edu.ios.WeatherInfoUITests;
				PRODUCT_NAME = "$(TARGET_NAME)";
				SWIFT_VERSION = 4.0;
				TARGETED_DEVICE_FAMILY = "1,2";
				TEST_TARGET_NAME = WeatherInfo;
			};
			name = Release;
		};
/* End XCBuildConfiguration section */

/* Begin XCConfigurationList section */
		BBD3252120E76CDC0013208F /* Build configuration list for PBXProject "WeatherInfo" */ = {
			isa = XCConfigurationList;
			buildConfigurations = (
				BBD3254C20E76CE10013208F /* Debug */,
				BBD3254D20E76CE10013208F /* Release */,
			);
			defaultConfigurationIsVisible = 0;
			defaultConfigurationName = Release;
		};
		BBD3254E20E76CE10013208F /* Build configuration list for PBXNativeTarget "WeatherInfo" */ = {
			isa = XCConfigurationList;
			buildConfigurations = (
				BBD3254F20E76CE10013208F /* Debug */,
				BBD3255020E76CE10013208F /* Release */,
			);
			defaultConfigurationIsVisible = 0;
			defaultConfigurationName = Release;
		};
		BBD3255120E76CE10013208F /* Build configuration list for PBXNativeTarget "WeatherInfoTests" */ = {
			isa = XCConfigurationList;
			buildConfigurations = (
				BBD3255220E76CE10013208F /* Debug */,
				BBD3255320E76CE10013208F /* Release */,
			);
			defaultConfigurationIsVisible = 0;
			defaultConfigurationName = Release;
		};
		BBD3255420E76CE10013208F /* Build configuration list for PBXNativeTarget "WeatherInfoUITests" */ = {
			isa = XCConfigurationList;
			buildConfigurations = (
				BBD3255520E76CE10013208F /* Debug */,
				BBD3255620E76CE10013208F /* Release */,
			);
			defaultConfigurationIsVisible = 0;
			defaultConfigurationName = Release;
		};
/* End XCConfigurationList section */
	};
	rootObject = BBD3251E20E76CDC0013208F /* Project object */;
}
