// !$*UTF8*$!
{
	archiveVersion = 1;
	classes = {
	};
	objectVersion = 77;
	objects = {

/* Begin PBXBuildFile section */
		BB24833D2D2CC97300AD6A06 /* SwiftyNet in Frameworks */ = {isa = PBXBuildFile; productRef = BB24833C2D2CC97300AD6A06 /* SwiftyNet */; };
/* End PBXBuildFile section */

/* Begin PBXContainerItemProxy section */
		BB2482BE2D2C519300AD6A06 /* PBXContainerItemProxy */ = {
			isa = PBXContainerItemProxy;
			containerPortal = BB2482A32D2C518F00AD6A06 /* Project object */;
			proxyType = 1;
			remoteGlobalIDString = BB2482AA2D2C518F00AD6A06;
			remoteInfo = WeatherInfo;
		};
		BB2482C82D2C519300AD6A06 /* PBXContainerItemProxy */ = {
			isa = PBXContainerItemProxy;
			containerPortal = BB2482A32D2C518F00AD6A06 /* Project object */;
			proxyType = 1;
			remoteGlobalIDString = BB2482AA2D2C518F00AD6A06;
			remoteInfo = WeatherInfo;
		};
/* End PBXContainerItemProxy section */

/* Begin PBXFileReference section */
		BB2482AB2D2C518F00AD6A06 /* WeatherInfo.app */ = {isa = PBXFileReference; explicitFileType = wrapper.application; includeInIndex = 0; path = WeatherInfo.app; sourceTree = BUILT_PRODUCTS_DIR; };
		BB2482BD2D2C519300AD6A06 /* WeatherInfoTests.xctest */ = {isa = PBXFileReference; explicitFileType = wrapper.cfbundle; includeInIndex = 0; path = WeatherInfoTests.xctest; sourceTree = BUILT_PRODUCTS_DIR; };
		BB2482C72D2C519300AD6A06 /* WeatherInfoUITests.xctest */ = {isa = PBXFileReference; explicitFileType = wrapper.cfbundle; includeInIndex = 0; path = WeatherInfoUITests.xctest; sourceTree = BUILT_PRODUCTS_DIR; };
/* End PBXFileReference section */

/* Begin PBXFileSystemSynchronizedRootGroup section */
		BB2482AD2D2C518F00AD6A06 /* WeatherInfo */ = {
			isa = PBXFileSystemSynchronizedRootGroup;
			path = WeatherInfo;
			sourceTree = "<group>";
		};
		BB2482C02D2C519300AD6A06 /* WeatherInfoTests */ = {
			isa = PBXFileSystemSynchronizedRootGroup;
			path = WeatherInfoTests;
			sourceTree = "<group>";
		};
		BB2482CA2D2C519300AD6A06 /* WeatherInfoUITests */ = {
			isa = PBXFileSystemSynchronizedRootGroup;
			path = WeatherInfoUITests;
			sourceTree = "<group>";
		};
/* End PBXFileSystemSynchronizedRootGroup section */

/* Begin PBXFrameworksBuildPhase section */
		BB2482A82D2C518F00AD6A06 /* Frameworks */ = {
			isa = PBXFrameworksBuildPhase;
			buildActionMask = 2147483647;
			files = (
				BB24833D2D2CC97300AD6A06 /* SwiftyNet in Frameworks */,
			);
			runOnlyForDeploymentPostprocessing = 0;
		};
		BB2482BA2D2C519300AD6A06 /* Frameworks */ = {
			isa = PBXFrameworksBuildPhase;
			buildActionMask = 2147483647;
			files = (
			);
			runOnlyForDeploymentPostprocessing = 0;
		};
		BB2482C42D2C519300AD6A06 /* Frameworks */ = {
			isa = PBXFrameworksBuildPhase;
			buildActionMask = 2147483647;
			files = (
			);
			runOnlyForDeploymentPostprocessing = 0;
		};
/* End PBXFrameworksBuildPhase section */

/* Begin PBXGroup section */
		BB2482A22D2C518F00AD6A06 = {
			isa = PBXGroup;
			children = (
				BB2482AD2D2C518F00AD6A06 /* WeatherInfo */,
				BB2482C02D2C519300AD6A06 /* WeatherInfoTests */,
				BB2482CA2D2C519300AD6A06 /* WeatherInfoUITests */,
				BB2482AC2D2C518F00AD6A06 /* Products */,
			);
			sourceTree = "<group>";
		};
		BB2482AC2D2C518F00AD6A06 /* Products */ = {
			isa = PBXGroup;
			children = (
				BB2482AB2D2C518F00AD6A06 /* WeatherInfo.app */,
				BB2482BD2D2C519300AD6A06 /* WeatherInfoTests.xctest */,
				BB2482C72D2C519300AD6A06 /* WeatherInfoUITests.xctest */,
			);
			name = Products;
			sourceTree = "<group>";
		};
/* End PBXGroup section */

/* Begin PBXNativeTarget section */
		BB2482AA2D2C518F00AD6A06 /* WeatherInfo */ = {
			isa = PBXNativeTarget;
			buildConfigurationList = BB2482D12D2C519300AD6A06 /* Build configuration list for PBXNativeTarget "WeatherInfo" */;
			buildPhases = (
				BB2482A72D2C518F00AD6A06 /* Sources */,
				BB2482A82D2C518F00AD6A06 /* Frameworks */,
				BB2482A92D2C518F00AD6A06 /* Resources */,
			);
			buildRules = (
			);
			dependencies = (
			);
			fileSystemSynchronizedGroups = (
				BB2482AD2D2C518F00AD6A06 /* WeatherInfo */,
			);
			name = WeatherInfo;
			packageProductDependencies = (
				BB24833C2D2CC97300AD6A06 /* SwiftyNet */,
			);
			productName = WeatherInfo;
			productReference = BB2482AB2D2C518F00AD6A06 /* WeatherInfo.app */;
			productType = "com.apple.product-type.application";
		};
		BB2482BC2D2C519300AD6A06 /* WeatherInfoTests */ = {
			isa = PBXNativeTarget;
			buildConfigurationList = BB2482D42D2C519300AD6A06 /* Build configuration list for PBXNativeTarget "WeatherInfoTests" */;
			buildPhases = (
				BB2482B92D2C519300AD6A06 /* Sources */,
				BB2482BA2D2C519300AD6A06 /* Frameworks */,
				BB2482BB2D2C519300AD6A06 /* Resources */,
			);
			buildRules = (
			);
			dependencies = (
				BB2482BF2D2C519300AD6A06 /* PBXTargetDependency */,
			);
			fileSystemSynchronizedGroups = (
				BB2482C02D2C519300AD6A06 /* WeatherInfoTests */,
			);
			name = WeatherInfoTests;
			packageProductDependencies = (
			);
			productName = WeatherInfoTests;
			productReference = BB2482BD2D2C519300AD6A06 /* WeatherInfoTests.xctest */;
			productType = "com.apple.product-type.bundle.unit-test";
		};
		BB2482C62D2C519300AD6A06 /* WeatherInfoUITests */ = {
			isa = PBXNativeTarget;
			buildConfigurationList = BB2482D72D2C519300AD6A06 /* Build configuration list for PBXNativeTarget "WeatherInfoUITests" */;
			buildPhases = (
				BB2482C32D2C519300AD6A06 /* Sources */,
				BB2482C42D2C519300AD6A06 /* Frameworks */,
				BB2482C52D2C519300AD6A06 /* Resources */,
			);
			buildRules = (
			);
			dependencies = (
				BB2482C92D2C519300AD6A06 /* PBXTargetDependency */,
			);
			fileSystemSynchronizedGroups = (
				BB2482CA2D2C519300AD6A06 /* WeatherInfoUITests */,
			);
			name = WeatherInfoUITests;
			packageProductDependencies = (
			);
			productName = WeatherInfoUITests;
			productReference = BB2482C72D2C519300AD6A06 /* WeatherInfoUITests.xctest */;
			productType = "com.apple.product-type.bundle.ui-testing";
		};
/* End PBXNativeTarget section */

/* Begin PBXProject section */
		BB2482A32D2C518F00AD6A06 /* Project object */ = {
			isa = PBXProject;
			attributes = {
				BuildIndependentTargetsInParallel = 1;
				LastSwiftUpdateCheck = 1620;
				LastUpgradeCheck = 1620;
				TargetAttributes = {
					BB2482AA2D2C518F00AD6A06 = {
						CreatedOnToolsVersion = 16.2;
					};
					BB2482BC2D2C519300AD6A06 = {
						CreatedOnToolsVersion = 16.2;
						TestTargetID = BB2482AA2D2C518F00AD6A06;
					};
					BB2482C62D2C519300AD6A06 = {
						CreatedOnToolsVersion = 16.2;
						TestTargetID = BB2482AA2D2C518F00AD6A06;
					};
				};
			};
			buildConfigurationList = BB2482A62D2C518F00AD6A06 /* Build configuration list for PBXProject "WeatherInfo" */;
			developmentRegion = en;
			hasScannedForEncodings = 0;
			knownRegions = (
				en,
				Base,
			);
			mainGroup = BB2482A22D2C518F00AD6A06;
			minimizedProjectReferenceProxies = 1;
			packageReferences = (
				BB24833B2D2CC97300AD6A06 /* XCRemoteSwiftPackageReference "SwiftyNet" */,
			);
			preferredProjectObjectVersion = 77;
			productRefGroup = BB2482AC2D2C518F00AD6A06 /* Products */;
			projectDirPath = "";
			projectRoot = "";
			targets = (
				BB2482AA2D2C518F00AD6A06 /* WeatherInfo */,
				BB2482BC2D2C519300AD6A06 /* WeatherInfoTests */,
				BB2482C62D2C519300AD6A06 /* WeatherInfoUITests */,
			);
		};
/* End PBXProject section */

/* Begin PBXResourcesBuildPhase section */
		BB2482A92D2C518F00AD6A06 /* Resources */ = {
			isa = PBXResourcesBuildPhase;
			buildActionMask = 2147483647;
			files = (
			);
			runOnlyForDeploymentPostprocessing = 0;
		};
		BB2482BB2D2C519300AD6A06 /* Resources */ = {
			isa = PBXResourcesBuildPhase;
			buildActionMask = 2147483647;
			files = (
			);
			runOnlyForDeploymentPostprocessing = 0;
		};
		BB2482C52D2C519300AD6A06 /* Resources */ = {
			isa = PBXResourcesBuildPhase;
			buildActionMask = 2147483647;
			files = (
			);
			runOnlyForDeploymentPostprocessing = 0;
		};
/* End PBXResourcesBuildPhase section */

/* Begin PBXSourcesBuildPhase section */
		BB2482A72D2C518F00AD6A06 /* Sources */ = {
			isa = PBXSourcesBuildPhase;
			buildActionMask = 2147483647;
			files = (
			);
			runOnlyForDeploymentPostprocessing = 0;
		};
		BB2482B92D2C519300AD6A06 /* Sources */ = {
			isa = PBXSourcesBuildPhase;
			buildActionMask = 2147483647;
			files = (
			);
			runOnlyForDeploymentPostprocessing = 0;
		};
		BB2482C32D2C519300AD6A06 /* Sources */ = {
			isa = PBXSourcesBuildPhase;
			buildActionMask = 2147483647;
			files = (
			);
			runOnlyForDeploymentPostprocessing = 0;
		};
/* End PBXSourcesBuildPhase section */

/* Begin PBXTargetDependency section */
		BB2482BF2D2C519300AD6A06 /* PBXTargetDependency */ = {
			isa = PBXTargetDependency;
			target = BB2482AA2D2C518F00AD6A06 /* WeatherInfo */;
			targetProxy = BB2482BE2D2C519300AD6A06 /* PBXContainerItemProxy */;
		};
		BB2482C92D2C519300AD6A06 /* PBXTargetDependency */ = {
			isa = PBXTargetDependency;
			target = BB2482AA2D2C518F00AD6A06 /* WeatherInfo */;
			targetProxy = BB2482C82D2C519300AD6A06 /* PBXContainerItemProxy */;
		};
/* End PBXTargetDependency section */

/* Begin XCBuildConfiguration section */
		BB2482CF2D2C519300AD6A06 /* Debug */ = {
			isa = XCBuildConfiguration;
			buildSettings = {
				ALWAYS_SEARCH_USER_PATHS = NO;
				ASSETCATALOG_COMPILER_GENERATE_SWIFT_ASSET_SYMBOL_EXTENSIONS = YES;
				CLANG_ANALYZER_NONNULL = YES;
				CLANG_ANALYZER_NUMBER_OBJECT_CONVERSION = YES_AGGRESSIVE;
				CLANG_CXX_LANGUAGE_STANDARD = "gnu++20";
				CLANG_ENABLE_MODULES = YES;
				CLANG_ENABLE_OBJC_ARC = YES;
				CLANG_ENABLE_OBJC_WEAK = YES;
				CLANG_WARN_BLOCK_CAPTURE_AUTORELEASING = YES;
				CLANG_WARN_BOOL_CONVERSION = YES;
				CLANG_WARN_COMMA = YES;
				CLANG_WARN_CONSTANT_CONVERSION = YES;
				CLANG_WARN_DEPRECATED_OBJC_IMPLEMENTATIONS = YES;
				CLANG_WARN_DIRECT_OBJC_ISA_USAGE = YES_ERROR;
				CLANG_WARN_DOCUMENTATION_COMMENTS = YES;
				CLANG_WARN_EMPTY_BODY = YES;
				CLANG_WARN_ENUM_CONVERSION = YES;
				CLANG_WARN_INFINITE_RECURSION = YES;
				CLANG_WARN_INT_CONVERSION = YES;
				CLANG_WARN_NON_LITERAL_NULL_CONVERSION = YES;
				CLANG_WARN_OBJC_IMPLICIT_RETAIN_SELF = YES;
				CLANG_WARN_OBJC_LITERAL_CONVERSION = YES;
				CLANG_WARN_OBJC_ROOT_CLASS = YES_ERROR;
				CLANG_WARN_QUOTED_INCLUDE_IN_FRAMEWORK_HEADER = YES;
				CLANG_WARN_RANGE_LOOP_ANALYSIS = YES;
				CLANG_WARN_STRICT_PROTOTYPES = YES;
				CLANG_WARN_SUSPICIOUS_MOVE = YES;
				CLANG_WARN_UNGUARDED_AVAILABILITY = YES_AGGRESSIVE;
				CLANG_WARN_UNREACHABLE_CODE = YES;
				CLANG_WARN__DUPLICATE_METHOD_MATCH = YES;
				COPY_PHASE_STRIP = NO;
				DEBUG_INFORMATION_FORMAT = dwarf;
				ENABLE_STRICT_OBJC_MSGSEND = YES;
				ENABLE_TESTABILITY = YES;
				ENABLE_USER_SCRIPT_SANDBOXING = YES;
				GCC_C_LANGUAGE_STANDARD = gnu17;
				GCC_DYNAMIC_NO_PIC = NO;
				GCC_NO_COMMON_BLOCKS = YES;
				GCC_OPTIMIZATION_LEVEL = 0;
				GCC_PREPROCESSOR_DEFINITIONS = (
					"DEBUG=1",
					"$(inherited)",
				);
				GCC_WARN_64_TO_32_BIT_CONVERSION = YES;
				GCC_WARN_ABOUT_RETURN_TYPE = YES_ERROR;
				GCC_WARN_UNDECLARED_SELECTOR = YES;
				GCC_WARN_UNINITIALIZED_AUTOS = YES_AGGRESSIVE;
				GCC_WARN_UNUSED_FUNCTION = YES;
				GCC_WARN_UNUSED_VARIABLE = YES;
				IPHONEOS_DEPLOYMENT_TARGET = 18.2;
				LOCALIZATION_PREFERS_STRING_CATALOGS = YES;
				MTL_ENABLE_DEBUG_INFO = INCLUDE_SOURCE;
				MTL_FAST_MATH = YES;
				ONLY_ACTIVE_ARCH = YES;
				SDKROOT = iphoneos;
				SWIFT_ACTIVE_COMPILATION_CONDITIONS = "DEBUG $(inherited)";
				SWIFT_OPTIMIZATION_LEVEL = "-Onone";
			};
			name = Debug;
		};
		BB2482D02D2C519300AD6A06 /* Release */ = {
			isa = XCBuildConfiguration;
			buildSettings = {
				ALWAYS_SEARCH_USER_PATHS = NO;
				ASSETCATALOG_COMPILER_GENERATE_SWIFT_ASSET_SYMBOL_EXTENSIONS = YES;
				CLANG_ANALYZER_NONNULL = YES;
				CLANG_ANALYZER_NUMBER_OBJECT_CONVERSION = YES_AGGRESSIVE;
				CLANG_CXX_LANGUAGE_STANDARD = "gnu++20";
				CLANG_ENABLE_MODULES = YES;
				CLANG_ENABLE_OBJC_ARC = YES;
				CLANG_ENABLE_OBJC_WEAK = YES;
				CLANG_WARN_BLOCK_CAPTURE_AUTORELEASING = YES;
				CLANG_WARN_BOOL_CONVERSION = YES;
				CLANG_WARN_COMMA = YES;
				CLANG_WARN_CONSTANT_CONVERSION = YES;
				CLANG_WARN_DEPRECATED_OBJC_IMPLEMENTATIONS = YES;
				CLANG_WARN_DIRECT_OBJC_ISA_USAGE = YES_ERROR;
				CLANG_WARN_DOCUMENTATION_COMMENTS = YES;
				CLANG_WARN_EMPTY_BODY = YES;
				CLANG_WARN_ENUM_CONVERSION = YES;
				CLANG_WARN_INFINITE_RECURSION = YES;
				CLANG_WARN_INT_CONVERSION = YES;
				CLANG_WARN_NON_LITERAL_NULL_CONVERSION = YES;
				CLANG_WARN_OBJC_IMPLICIT_RETAIN_SELF = YES;
				CLANG_WARN_OBJC_LITERAL_CONVERSION = YES;
				CLANG_WARN_OBJC_ROOT_CLASS = YES_ERROR;
				CLANG_WARN_QUOTED_INCLUDE_IN_FRAMEWORK_HEADER = YES;
				CLANG_WARN_RANGE_LOOP_ANALYSIS = YES;
				CLANG_WARN_STRICT_PROTOTYPES = YES;
				CLANG_WARN_SUSPICIOUS_MOVE = YES;
				CLANG_WARN_UNGUARDED_AVAILABILITY = YES_AGGRESSIVE;
				CLANG_WARN_UNREACHABLE_CODE = YES;
				CLANG_WARN__DUPLICATE_METHOD_MATCH = YES;
				COPY_PHASE_STRIP = NO;
				DEBUG_INFORMATION_FORMAT = "dwarf-with-dsym";
				ENABLE_NS_ASSERTIONS = NO;
				ENABLE_STRICT_OBJC_MSGSEND = YES;
				ENABLE_USER_SCRIPT_SANDBOXING = YES;
				GCC_C_LANGUAGE_STANDARD = gnu17;
				GCC_NO_COMMON_BLOCKS = YES;
				GCC_WARN_64_TO_32_BIT_CONVERSION = YES;
				GCC_WARN_ABOUT_RETURN_TYPE = YES_ERROR;
				GCC_WARN_UNDECLARED_SELECTOR = YES;
				GCC_WARN_UNINITIALIZED_AUTOS = YES_AGGRESSIVE;
				GCC_WARN_UNUSED_FUNCTION = YES;
				GCC_WARN_UNUSED_VARIABLE = YES;
				IPHONEOS_DEPLOYMENT_TARGET = 18.2;
				LOCALIZATION_PREFERS_STRING_CATALOGS = YES;
				MTL_ENABLE_DEBUG_INFO = NO;
				MTL_FAST_MATH = YES;
				SDKROOT = iphoneos;
				SWIFT_COMPILATION_MODE = wholemodule;
				VALIDATE_PRODUCT = YES;
			};
			name = Release;
		};
		BB2482D22D2C519300AD6A06 /* Debug */ = {
			isa = XCBuildConfiguration;
			buildSettings = {
				ASSETCATALOG_COMPILER_APPICON_NAME = AppIcon;
				ASSETCATALOG_COMPILER_GLOBAL_ACCENT_COLOR_NAME = AccentColor;
				CODE_SIGN_STYLE = Automatic;
				CURRENT_PROJECT_VERSION = 1;
				DEVELOPMENT_ASSET_PATHS = "\"WeatherInfo/Preview Content\"";
				DEVELOPMENT_TEAM = 55A5VSLH99;
				ENABLE_PREVIEWS = YES;
				GENERATE_INFOPLIST_FILE = YES;
				INFOPLIST_KEY_UIApplicationSceneManifest_Generation = YES;
				INFOPLIST_KEY_UIApplicationSupportsIndirectInputEvents = YES;
				INFOPLIST_KEY_UILaunchScreen_Generation = YES;
				INFOPLIST_KEY_UISupportedInterfaceOrientations_iPad = "UIInterfaceOrientationPortrait UIInterfaceOrientationPortraitUpsideDown UIInterfaceOrientationLandscapeLeft UIInterfaceOrientationLandscapeRight";
				INFOPLIST_KEY_UISupportedInterfaceOrientations_iPhone = "UIInterfaceOrientationPortrait UIInterfaceOrientationLandscapeLeft UIInterfaceOrientationLandscapeRight";
				LD_RUNPATH_SEARCH_PATHS = (
					"$(inherited)",
					"@executable_path/Frameworks",
				);
				MARKETING_VERSION = 1.0;
				PRODUCT_BUNDLE_IDENTIFIER = com.mtaden.edu.ios.WeatherInfo;
				PRODUCT_NAME = "$(TARGET_NAME)";
				SWIFT_EMIT_LOC_STRINGS = YES;
				SWIFT_VERSION = 5.0;
				TARGETED_DEVICE_FAMILY = "1,2";
			};
			name = Debug;
		};
		BB2482D32D2C519300AD6A06 /* Release */ = {
			isa = XCBuildConfiguration;
			buildSettings = {
				ASSETCATALOG_COMPILER_APPICON_NAME = AppIcon;
				ASSETCATALOG_COMPILER_GLOBAL_ACCENT_COLOR_NAME = AccentColor;
				CODE_SIGN_STYLE = Automatic;
				CURRENT_PROJECT_VERSION = 1;
				DEVELOPMENT_ASSET_PATHS = "\"WeatherInfo/Preview Content\"";
				DEVELOPMENT_TEAM = 55A5VSLH99;
				ENABLE_PREVIEWS = YES;
				GENERATE_INFOPLIST_FILE = YES;
				INFOPLIST_KEY_UIApplicationSceneManifest_Generation = YES;
				INFOPLIST_KEY_UIApplicationSupportsIndirectInputEvents = YES;
				INFOPLIST_KEY_UILaunchScreen_Generation = YES;
				INFOPLIST_KEY_UISupportedInterfaceOrientations_iPad = "UIInterfaceOrientationPortrait UIInterfaceOrientationPortraitUpsideDown UIInterfaceOrientationLandscapeLeft UIInterfaceOrientationLandscapeRight";
				INFOPLIST_KEY_UISupportedInterfaceOrientations_iPhone = "UIInterfaceOrientationPortrait UIInterfaceOrientationLandscapeLeft UIInterfaceOrientationLandscapeRight";
				LD_RUNPATH_SEARCH_PATHS = (
					"$(inherited)",
					"@executable_path/Frameworks",
				);
				MARKETING_VERSION = 1.0;
				PRODUCT_BUNDLE_IDENTIFIER = com.mtaden.edu.ios.WeatherInfo;
				PRODUCT_NAME = "$(TARGET_NAME)";
				SWIFT_EMIT_LOC_STRINGS = YES;
				SWIFT_VERSION = 5.0;
				TARGETED_DEVICE_FAMILY = "1,2";
			};
			name = Release;
		};
		BB2482D52D2C519300AD6A06 /* Debug */ = {
			isa = XCBuildConfiguration;
			buildSettings = {
				BUNDLE_LOADER = "$(TEST_HOST)";
				CODE_SIGN_STYLE = Automatic;
				CURRENT_PROJECT_VERSION = 1;
				DEVELOPMENT_TEAM = 55A5VSLH99;
				GENERATE_INFOPLIST_FILE = YES;
				IPHONEOS_DEPLOYMENT_TARGET = 18.2;
				MARKETING_VERSION = 1.0;
				PRODUCT_BUNDLE_IDENTIFIER = com.mtaden.edu.ios.WeatherInfoTests;
				PRODUCT_NAME = "$(TARGET_NAME)";
				SWIFT_EMIT_LOC_STRINGS = NO;
				SWIFT_VERSION = 5.0;
				TARGETED_DEVICE_FAMILY = "1,2";
				TEST_HOST = "$(BUILT_PRODUCTS_DIR)/WeatherInfo.app/$(BUNDLE_EXECUTABLE_FOLDER_PATH)/WeatherInfo";
			};
			name = Debug;
		};
		BB2482D62D2C519300AD6A06 /* Release */ = {
			isa = XCBuildConfiguration;
			buildSettings = {
				BUNDLE_LOADER = "$(TEST_HOST)";
				CODE_SIGN_STYLE = Automatic;
				CURRENT_PROJECT_VERSION = 1;
				DEVELOPMENT_TEAM = 55A5VSLH99;
				GENERATE_INFOPLIST_FILE = YES;
				IPHONEOS_DEPLOYMENT_TARGET = 18.2;
				MARKETING_VERSION = 1.0;
				PRODUCT_BUNDLE_IDENTIFIER = com.mtaden.edu.ios.WeatherInfoTests;
				PRODUCT_NAME = "$(TARGET_NAME)";
				SWIFT_EMIT_LOC_STRINGS = NO;
				SWIFT_VERSION = 5.0;
				TARGETED_DEVICE_FAMILY = "1,2";
				TEST_HOST = "$(BUILT_PRODUCTS_DIR)/WeatherInfo.app/$(BUNDLE_EXECUTABLE_FOLDER_PATH)/WeatherInfo";
			};
			name = Release;
		};
		BB2482D82D2C519300AD6A06 /* Debug */ = {
			isa = XCBuildConfiguration;
			buildSettings = {
				CODE_SIGN_STYLE = Automatic;
				CURRENT_PROJECT_VERSION = 1;
				DEVELOPMENT_TEAM = 55A5VSLH99;
				GENERATE_INFOPLIST_FILE = YES;
				MARKETING_VERSION = 1.0;
				PRODUCT_BUNDLE_IDENTIFIER = com.mtaden.edu.ios.WeatherInfoUITests;
				PRODUCT_NAME = "$(TARGET_NAME)";
				SWIFT_EMIT_LOC_STRINGS = NO;
				SWIFT_VERSION = 5.0;
				TARGETED_DEVICE_FAMILY = "1,2";
				TEST_TARGET_NAME = WeatherInfo;
			};
			name = Debug;
		};
		BB2482D92D2C519300AD6A06 /* Release */ = {
			isa = XCBuildConfiguration;
			buildSettings = {
				CODE_SIGN_STYLE = Automatic;
				CURRENT_PROJECT_VERSION = 1;
				DEVELOPMENT_TEAM = 55A5VSLH99;
				GENERATE_INFOPLIST_FILE = YES;
				MARKETING_VERSION = 1.0;
				PRODUCT_BUNDLE_IDENTIFIER = com.mtaden.edu.ios.WeatherInfoUITests;
				PRODUCT_NAME = "$(TARGET_NAME)";
				SWIFT_EMIT_LOC_STRINGS = NO;
				SWIFT_VERSION = 5.0;
				TARGETED_DEVICE_FAMILY = "1,2";
				TEST_TARGET_NAME = WeatherInfo;
			};
			name = Release;
		};
/* End XCBuildConfiguration section */

/* Begin XCConfigurationList section */
		BB2482A62D2C518F00AD6A06 /* Build configuration list for PBXProject "WeatherInfo" */ = {
			isa = XCConfigurationList;
			buildConfigurations = (
				BB2482CF2D2C519300AD6A06 /* Debug */,
				BB2482D02D2C519300AD6A06 /* Release */,
			);
			defaultConfigurationIsVisible = 0;
			defaultConfigurationName = Release;
		};
		BB2482D12D2C519300AD6A06 /* Build configuration list for PBXNativeTarget "WeatherInfo" */ = {
			isa = XCConfigurationList;
			buildConfigurations = (
				BB2482D22D2C519300AD6A06 /* Debug */,
				BB2482D32D2C519300AD6A06 /* Release */,
			);
			defaultConfigurationIsVisible = 0;
			defaultConfigurationName = Release;
		};
		BB2482D42D2C519300AD6A06 /* Build configuration list for PBXNativeTarget "WeatherInfoTests" */ = {
			isa = XCConfigurationList;
			buildConfigurations = (
				BB2482D52D2C519300AD6A06 /* Debug */,
				BB2482D62D2C519300AD6A06 /* Release */,
			);
			defaultConfigurationIsVisible = 0;
			defaultConfigurationName = Release;
		};
		BB2482D72D2C519300AD6A06 /* Build configuration list for PBXNativeTarget "WeatherInfoUITests" */ = {
			isa = XCConfigurationList;
			buildConfigurations = (
				BB2482D82D2C519300AD6A06 /* Debug */,
				BB2482D92D2C519300AD6A06 /* Release */,
			);
			defaultConfigurationIsVisible = 0;
			defaultConfigurationName = Release;
		};
/* End XCConfigurationList section */

/* Begin XCRemoteSwiftPackageReference section */
		BB24833B2D2CC97300AD6A06 /* XCRemoteSwiftPackageReference "SwiftyNet" */ = {
			isa = XCRemoteSwiftPackageReference;
			repositoryURL = "https://github.com/alokc83/SwiftyNet";
			requirement = {
				branch = main;
				kind = branch;
			};
		};
/* End XCRemoteSwiftPackageReference section */

/* Begin XCSwiftPackageProductDependency section */
		BB24833C2D2CC97300AD6A06 /* SwiftyNet */ = {
			isa = XCSwiftPackageProductDependency;
			package = BB24833B2D2CC97300AD6A06 /* XCRemoteSwiftPackageReference "SwiftyNet" */;
			productName = SwiftyNet;
		};
/* End XCSwiftPackageProductDependency section */
	};
	rootObject = BB2482A32D2C518F00AD6A06 /* Project object */;
}
